
Microsoft Visual Studio Solution File, Format Version 12.00
# Visual Studio Version 16
VisualStudioVersion = 16.0.29403.142
MinimumVisualStudioVersion = 10.0.40219.1
Project("{FAE04EC0-301F-11D3-BF4B-00C04F79EFBC}") = "DotNetCore", "DotNetCore\DotNetCore.csproj", "{9CFB0848-CF9F-44DD-8FE0-F89D21832C9A}"
EndProject
Global
	GlobalSection(SolutionConfigurationPlatforms) = preSolution
		Debug|Any CPU = Debug|Any CPU
		Release|Any CPU = Release|Any CPU
	EndGlobalSection
	GlobalSection(ProjectConfigurationPlatforms) = postSolution
		{9CFB0848-CF9F-44DD-8FE0-F89D21832C9A}.Debug|Any CPU.ActiveCfg = Debug|Any CPU
		{9CFB0848-CF9F-44DD-8FE0-F89D21832C9A}.Debug|Any CPU.Build.0 = Debug|Any CPU
		{9CFB0848-CF9F-44DD-8FE0-F89D21832C9A}.Release|Any CPU.ActiveCfg = Release|Any CPU
		{9CFB0848-CF9F-44DD-8FE0-F89D21832C9A}.Release|Any CPU.Build.0 = Release|Any CPU
	EndGlobalSection
	GlobalSection(SolutionProperties) = preSolution
		HideSolutionNode = FALSE
	EndGlobalSection
	GlobalSection(ExtensibilityGlobals) = postSolution
		SolutionGuid = {623DE8B9-449F-442B-AC95-E31CF139CFB3}
	EndGlobalSection
EndGlobal
